
Microsoft Visual Studio Solution File, Format Version 12.00
# Visual Studio Version 17
VisualStudioVersion = 17.5.33516.290
MinimumVisualStudioVersion = 10.0.40219.1
Project("{FAE04EC0-301F-11D3-BF4B-00C04F79EFBC}") = "labb1 _algoritmen_gr11", "labb1 _algoritmen_gr11\labb1 _algoritmen_gr11.csproj", "{A0643328-E5B3-4235-A502-F123A240F668}"
EndProject
Global
	GlobalSection(SolutionConfigurationPlatforms) = preSolution
		Debug|Any CPU = Debug|Any CPU
		Release|Any CPU = Release|Any CPU
	EndGlobalSection
	GlobalSection(ProjectConfigurationPlatforms) = postSolution
		{A0643328-E5B3-4235-A502-F123A240F668}.Debug|Any CPU.ActiveCfg = Debug|Any CPU
		{A0643328-E5B3-4235-A502-F123A240F668}.Debug|Any CPU.Build.0 = Debug|Any CPU
		{A0643328-E5B3-4235-A502-F123A240F668}.Release|Any CPU.ActiveCfg = Release|Any CPU
		{A0643328-E5B3-4235-A502-F123A240F668}.Release|Any CPU.Build.0 = Release|Any CPU
	EndGlobalSection
	GlobalSection(SolutionProperties) = preSolution
		HideSolutionNode = FALSE
	EndGlobalSection
	GlobalSection(ExtensibilityGlobals) = postSolution
		SolutionGuid = {4508330F-2EDB-4D2E-BB62-D2E351C3AFE8}
	EndGlobalSection
EndGlobal
